{
    "name": "shelter-database",
    "version": "0.9.0",
    "lockfileVersion": 1,
    "requires": true,
    "dependencies": {
        "@mapbox/corslite": {
            "version": "0.0.7",
            "resolved": "https://registry.npmjs.org/@mapbox/corslite/-/corslite-0.0.7.tgz",
            "integrity": "sha1-KfW2oYi6lG5RS98LZAHtT74To54="
        },
        "FileSaver": {
            "version": "0.10.0",
            "resolved": "https://registry.npmjs.org/FileSaver/-/FileSaver-0.10.0.tgz",
            "integrity": "sha1-fe84iZREWAQu9d8ukGTIjj0igcc="
        },
        "ansicolors": {
            "version": "0.2.1",
            "resolved": "https://registry.npmjs.org/ansicolors/-/ansicolors-0.2.1.tgz",
            "integrity": "sha1-vgiVmQl7dKXJxKhKDNvNtivYeu8="
        },
        "async": {
            "version": "2.6.3",
            "resolved": "https://registry.npmjs.org/async/-/async-2.6.3.tgz",
            "integrity": "sha512-zflvls11DCy+dQWzTW2dzuilv8Z5X/pjfmZOWba6TNIVDm+2UDaJmXSOXlasHKfNBs8oo3M0aT50fDEWfKZjXg==",
            "requires": {
                "lodash": "^4.17.14"
            }
        },
        "bootstrap": {
            "version": "4.6.0",
            "resolved": "https://registry.npmjs.org/bootstrap/-/bootstrap-4.6.0.tgz",
            "integrity": "sha512-Io55IuQY3kydzHtbGvQya3H+KorS/M9rSNyfCGCg9WZ4pyT/lCxIlpJgG1GXW/PswzC84Tr2fBYi+7+jFVQQBw=="
        },
        "bootstrap-datepicker": {
            "version": "1.9.0",
            "resolved": "https://registry.npmjs.org/bootstrap-datepicker/-/bootstrap-datepicker-1.9.0.tgz",
            "integrity": "sha512-9rYYbaVOheGYxjOr/+bJCmRPihfy+LkLSg4fIFMT9Od8WwWB/MB50w0JO1eBgKUMbb7PFHQD5uAfI3ArAxZRXA==",
            "requires": {
                "jquery": ">=1.7.1 <4.0.0"
            }
        },
        "bootstrap-select": {
            "version": "1.13.18",
            "resolved": "https://registry.npmjs.org/bootstrap-select/-/bootstrap-select-1.13.18.tgz",
            "integrity": "sha512-V1IzK4rxBq5FrJtkzSH6RmFLFBsjx50byFbfAf8jYyXROWs7ZpprGjdHeoyq2HSsHyjJhMMwjsQhRoYAfxCGow=="
        },
        "bootstrap-slider": {
            "version": "11.0.2",
            "resolved": "https://registry.npmjs.org/bootstrap-slider/-/bootstrap-slider-11.0.2.tgz",
            "integrity": "sha512-CdwS+Z6X79OkLes9RfDgPB9UIY/+81wTkm6ktdSB6hdyiRbjJLFQIjZdnEr55tDyXZfgC7U6yeSXkNN9ZdGqjA=="
        },
        "cardinal": {
            "version": "1.0.0",
            "resolved": "https://registry.npmjs.org/cardinal/-/cardinal-1.0.0.tgz",
            "integrity": "sha1-UOIcGwqjdyn5N33vGWtanOyTLuk=",
            "requires": {
                "ansicolors": "~0.2.1",
                "redeyed": "~1.0.0"
            }
        },
        "colorbrewer": {
            "version": "1.4.0",
            "resolved": "https://registry.npmjs.org/colorbrewer/-/colorbrewer-1.4.0.tgz",
            "integrity": "sha512-+NM91BbBU/le4Kt/1CsCDf+Hoir1Z+o43od1ZbmSOyMUI6DwlUKmfJdsOPplNiGzq4NSn2C3yn/ZOvtKHC27zQ=="
        },
        "commander": {
            "version": "2.20.3",
            "resolved": "https://registry.npmjs.org/commander/-/commander-2.20.3.tgz",
            "integrity": "sha512-GpVkmM8vF2vQUkj2LvZmD35JxeJOLCwJ9cUkugyk2nuhbv3+mJvpLYYt+0+USMxE+oj+ey/lJEnhZw75x/OMcQ=="
        },
        "console-polyfill": {
            "version": "0.2.3",
            "resolved": "https://registry.npmjs.org/console-polyfill/-/console-polyfill-0.2.3.tgz",
            "integrity": "sha1-1FXT1XTbzcz4DhYx3yGkhv4F+Yk="
        },
        "crossfilter": {
            "version": "1.3.12",
            "resolved": "https://registry.npmjs.org/crossfilter/-/crossfilter-1.3.12.tgz",
            "integrity": "sha1-FH1yNqmMRcafeL3DqZ1vsA9wkww="
        },
        "csv-parse": {
            "version": "4.15.1",
            "resolved": "https://registry.npmjs.org/csv-parse/-/csv-parse-4.15.1.tgz",
            "integrity": "sha512-TXIvRtNp0fqMJbk3yPR35bQIDzMH4khDwduElzE7Fl1wgnl25mnWYLSLqd/wS5GsDoX1rWtysivEYMNsz5jKwQ=="
        },
        "d3": {
            "version": "6.5.0",
            "resolved": "https://registry.npmjs.org/d3/-/d3-6.5.0.tgz",
            "integrity": "sha512-gr7FoRecKtBkBxelTeGVYERRTPgjPFLh2rOBisHdbXe3RIrVLjCo7COZYMSeFeiwVPOHDtxAGJlvN7XssNAIcg==",
            "requires": {
                "d3-array": "2",
                "d3-axis": "2",
                "d3-brush": "2",
                "d3-chord": "2",
                "d3-color": "2",
                "d3-contour": "2",
                "d3-delaunay": "5",
                "d3-dispatch": "2",
                "d3-drag": "2",
                "d3-dsv": "2",
                "d3-ease": "2",
                "d3-fetch": "2",
                "d3-force": "2",
                "d3-format": "2",
                "d3-geo": "2",
                "d3-hierarchy": "2",
                "d3-interpolate": "2",
                "d3-path": "2",
                "d3-polygon": "2",
                "d3-quadtree": "2",
                "d3-random": "2",
                "d3-scale": "3",
                "d3-scale-chromatic": "2",
                "d3-selection": "2",
                "d3-shape": "2",
                "d3-time": "2",
                "d3-time-format": "3",
                "d3-timer": "2",
                "d3-transition": "2",
                "d3-zoom": "2"
            }
        },
        "d3-array": {
            "version": "2.11.0",
            "resolved": "https://registry.npmjs.org/d3-array/-/d3-array-2.11.0.tgz",
            "integrity": "sha512-26clcwmHQEdsLv34oNKq5Ia9tQ26Y/4HqS3dQzF42QBUqymZJ+9PORcN1G52bt37NsL2ABoX4lvyYZc+A9Y0zw==",
            "requires": {
                "internmap": "^1.0.0"
            }
        },
        "d3-axis": {
            "version": "2.0.0",
            "resolved": "https://registry.npmjs.org/d3-axis/-/d3-axis-2.0.0.tgz",
            "integrity": "sha512-9nzB0uePtb+u9+dWir+HTuEAKJOEUYJoEwbJPsZ1B4K3iZUgzJcSENQ05Nj7S4CIfbZZ8/jQGoUzGKFznBhiiQ=="
        },
        "d3-brush": {
            "version": "2.1.0",
            "resolved": "https://registry.npmjs.org/d3-brush/-/d3-brush-2.1.0.tgz",
            "integrity": "sha512-cHLLAFatBATyIKqZOkk/mDHUbzne2B3ZwxkzMHvFTCZCmLaXDpZRihQSn8UNXTkGD/3lb/W2sQz0etAftmHMJQ==",
            "requires": {
                "d3-dispatch": "1 - 2",
                "d3-drag": "2",
                "d3-interpolate": "1 - 2",
                "d3-selection": "2",
                "d3-transition": "2"
            }
        },
        "d3-chord": {
            "version": "2.0.0",
            "resolved": "https://registry.npmjs.org/d3-chord/-/d3-chord-2.0.0.tgz",
            "integrity": "sha512-D5PZb7EDsRNdGU4SsjQyKhja8Zgu+SHZfUSO5Ls8Wsn+jsAKUUGkcshLxMg9HDFxG3KqavGWaWkJ8EpU8ojuig==",
            "requires": {
                "d3-path": "1 - 2"
            }
        },
        "d3-color": {
            "version": "2.0.0",
            "resolved": "https://registry.npmjs.org/d3-color/-/d3-color-2.0.0.tgz",
            "integrity": "sha512-SPXi0TSKPD4g9tw0NMZFnR95XVgUZiBH+uUTqQuDu1OsE2zomHU7ho0FISciaPvosimixwHFl3WHLGabv6dDgQ=="
        },
        "d3-contour": {
            "version": "2.0.0",
            "resolved": "https://registry.npmjs.org/d3-contour/-/d3-contour-2.0.0.tgz",
            "integrity": "sha512-9unAtvIaNk06UwqBmvsdHX7CZ+NPDZnn8TtNH1myW93pWJkhsV25JcgnYAu0Ck5Veb1DHiCv++Ic5uvJ+h50JA==",
            "requires": {
                "d3-array": "2"
            }
        },
        "d3-delaunay": {
            "version": "5.3.0",
            "resolved": "https://registry.npmjs.org/d3-delaunay/-/d3-delaunay-5.3.0.tgz",
            "integrity": "sha512-amALSrOllWVLaHTnDLHwMIiz0d1bBu9gZXd1FiLfXf8sHcX9jrcj81TVZOqD4UX7MgBZZ07c8GxzEgBpJqc74w==",
            "requires": {
                "delaunator": "4"
            }
        },
        "d3-dispatch": {
            "version": "2.0.0",
            "resolved": "https://registry.npmjs.org/d3-dispatch/-/d3-dispatch-2.0.0.tgz",
            "integrity": "sha512-S/m2VsXI7gAti2pBoLClFFTMOO1HTtT0j99AuXLoGFKO6deHDdnv6ZGTxSTTUTgO1zVcv82fCOtDjYK4EECmWA=="
        },
        "d3-drag": {
            "version": "2.0.0",
            "resolved": "https://registry.npmjs.org/d3-drag/-/d3-drag-2.0.0.tgz",
            "integrity": "sha512-g9y9WbMnF5uqB9qKqwIIa/921RYWzlUDv9Jl1/yONQwxbOfszAWTCm8u7HOTgJgRDXiRZN56cHT9pd24dmXs8w==",
            "requires": {
                "d3-dispatch": "1 - 2",
                "d3-selection": "2"
            }
        },
        "d3-dsv": {
            "version": "2.0.0",
            "resolved": "https://registry.npmjs.org/d3-dsv/-/d3-dsv-2.0.0.tgz",
            "integrity": "sha512-E+Pn8UJYx9mViuIUkoc93gJGGYut6mSDKy2+XaPwccwkRGlR+LO97L2VCCRjQivTwLHkSnAJG7yo00BWY6QM+w==",
            "requires": {
                "commander": "2",
                "iconv-lite": "0.4",
                "rw": "1"
            }
        },
        "d3-ease": {
            "version": "2.0.0",
            "resolved": "https://registry.npmjs.org/d3-ease/-/d3-ease-2.0.0.tgz",
            "integrity": "sha512-68/n9JWarxXkOWMshcT5IcjbB+agblQUaIsbnXmrzejn2O82n3p2A9R2zEB9HIEFWKFwPAEDDN8gR0VdSAyyAQ=="
        },
        "d3-fetch": {
            "version": "2.0.0",
            "resolved": "https://registry.npmjs.org/d3-fetch/-/d3-fetch-2.0.0.tgz",
            "integrity": "sha512-TkYv/hjXgCryBeNKiclrwqZH7Nb+GaOwo3Neg24ZVWA3MKB+Rd+BY84Nh6tmNEMcjUik1CSUWjXYndmeO6F7sw==",
            "requires": {
                "d3-dsv": "1 - 2"
            }
        },
        "d3-force": {
            "version": "2.1.1",
            "resolved": "https://registry.npmjs.org/d3-force/-/d3-force-2.1.1.tgz",
            "integrity": "sha512-nAuHEzBqMvpFVMf9OX75d00OxvOXdxY+xECIXjW6Gv8BRrXu6gAWbv/9XKrvfJ5i5DCokDW7RYE50LRoK092ew==",
            "requires": {
                "d3-dispatch": "1 - 2",
                "d3-quadtree": "1 - 2",
                "d3-timer": "1 - 2"
            }
        },
        "d3-format": {
            "version": "2.0.0",
            "resolved": "https://registry.npmjs.org/d3-format/-/d3-format-2.0.0.tgz",
            "integrity": "sha512-Ab3S6XuE/Q+flY96HXT0jOXcM4EAClYFnRGY5zsjRGNy6qCYrQsMffs7cV5Q9xejb35zxW5hf/guKw34kvIKsA=="
        },
        "d3-geo": {
            "version": "2.0.1",
            "resolved": "https://registry.npmjs.org/d3-geo/-/d3-geo-2.0.1.tgz",
            "integrity": "sha512-M6yzGbFRfxzNrVhxDJXzJqSLQ90q1cCyb3EWFZ1LF4eWOBYxFypw7I/NFVBNXKNqxv1bqLathhYvdJ6DC+th3A==",
            "requires": {
                "d3-array": ">=2.5"
            }
        },
        "d3-hierarchy": {
            "version": "2.0.0",
            "resolved": "https://registry.npmjs.org/d3-hierarchy/-/d3-hierarchy-2.0.0.tgz",
            "integrity": "sha512-SwIdqM3HxQX2214EG9GTjgmCc/mbSx4mQBn+DuEETubhOw6/U3fmnji4uCVrmzOydMHSO1nZle5gh6HB/wdOzw=="
        },
        "d3-interpolate": {
            "version": "2.0.1",
            "resolved": "https://registry.npmjs.org/d3-interpolate/-/d3-interpolate-2.0.1.tgz",
            "integrity": "sha512-c5UhwwTs/yybcmTpAVqwSFl6vrQ8JZJoT5F7xNFK9pymv5C0Ymcc9/LIJHtYIggg/yS9YHw8i8O8tgb9pupjeQ==",
            "requires": {
                "d3-color": "1 - 2"
            }
        },
        "d3-path": {
            "version": "2.0.0",
            "resolved": "https://registry.npmjs.org/d3-path/-/d3-path-2.0.0.tgz",
            "integrity": "sha512-ZwZQxKhBnv9yHaiWd6ZU4x5BtCQ7pXszEV9CU6kRgwIQVQGLMv1oiL4M+MK/n79sYzsj+gcgpPQSctJUsLN7fA=="
        },
        "d3-polygon": {
            "version": "2.0.0",
            "resolved": "https://registry.npmjs.org/d3-polygon/-/d3-polygon-2.0.0.tgz",
            "integrity": "sha512-MsexrCK38cTGermELs0cO1d79DcTsQRN7IWMJKczD/2kBjzNXxLUWP33qRF6VDpiLV/4EI4r6Gs0DAWQkE8pSQ=="
        },
        "d3-quadtree": {
            "version": "2.0.0",
            "resolved": "https://registry.npmjs.org/d3-quadtree/-/d3-quadtree-2.0.0.tgz",
            "integrity": "sha512-b0Ed2t1UUalJpc3qXzKi+cPGxeXRr4KU9YSlocN74aTzp6R/Ud43t79yLLqxHRWZfsvWXmbDWPpoENK1K539xw=="
        },
        "d3-queue": {
            "version": "3.0.7",
            "resolved": "https://registry.npmjs.org/d3-queue/-/d3-queue-3.0.7.tgz",
            "integrity": "sha1-yTouVLQXwJWRKdfXP2z31Ckudhg="
        },
        "d3-random": {
            "version": "2.2.2",
            "resolved": "https://registry.npmjs.org/d3-random/-/d3-random-2.2.2.tgz",
            "integrity": "sha512-0D9P8TRj6qDAtHhRQn6EfdOtHMfsUWanl3yb/84C4DqpZ+VsgfI5iTVRNRbELCfNvRfpMr8OrqqUTQ6ANGCijw=="
        },
        "d3-scale": {
            "version": "3.2.3",
            "resolved": "https://registry.npmjs.org/d3-scale/-/d3-scale-3.2.3.tgz",
            "integrity": "sha512-8E37oWEmEzj57bHcnjPVOBS3n4jqakOeuv1EDdQSiSrYnMCBdMd3nc4HtKk7uia8DUHcY/CGuJ42xxgtEYrX0g==",
            "requires": {
                "d3-array": "^2.3.0",
                "d3-format": "1 - 2",
                "d3-interpolate": "1.2.0 - 2",
                "d3-time": "1 - 2",
                "d3-time-format": "2 - 3"
            }
        },
        "d3-scale-chromatic": {
            "version": "2.0.0",
            "resolved": "https://registry.npmjs.org/d3-scale-chromatic/-/d3-scale-chromatic-2.0.0.tgz",
            "integrity": "sha512-LLqy7dJSL8yDy7NRmf6xSlsFZ6zYvJ4BcWFE4zBrOPnQERv9zj24ohnXKRbyi9YHnYV+HN1oEO3iFK971/gkzA==",
            "requires": {
                "d3-color": "1 - 2",
                "d3-interpolate": "1 - 2"
            }
        },
        "d3-selection": {
            "version": "2.0.0",
            "resolved": "https://registry.npmjs.org/d3-selection/-/d3-selection-2.0.0.tgz",
            "integrity": "sha512-XoGGqhLUN/W14NmaqcO/bb1nqjDAw5WtSYb2X8wiuQWvSZUsUVYsOSkOybUrNvcBjaywBdYPy03eXHMXjk9nZA=="
        },
        "d3-shape": {
            "version": "2.0.0",
            "resolved": "https://registry.npmjs.org/d3-shape/-/d3-shape-2.0.0.tgz",
            "integrity": "sha512-djpGlA779ua+rImicYyyjnOjeubyhql1Jyn1HK0bTyawuH76UQRWXd+pftr67H6Fa8hSwetkgb/0id3agKWykw==",
            "requires": {
                "d3-path": "1 - 2"
            }
        },
        "d3-time": {
            "version": "2.0.0",
            "resolved": "https://registry.npmjs.org/d3-time/-/d3-time-2.0.0.tgz",
            "integrity": "sha512-2mvhstTFcMvwStWd9Tj3e6CEqtOivtD8AUiHT8ido/xmzrI9ijrUUihZ6nHuf/vsScRBonagOdj0Vv+SEL5G3Q=="
        },
        "d3-time-format": {
            "version": "3.0.0",
            "resolved": "https://registry.npmjs.org/d3-time-format/-/d3-time-format-3.0.0.tgz",
            "integrity": "sha512-UXJh6EKsHBTjopVqZBhFysQcoXSv/5yLONZvkQ5Kk3qbwiUYkdX17Xa1PT6U1ZWXGGfB1ey5L8dKMlFq2DO0Ag==",
            "requires": {
                "d3-time": "1 - 2"
            }
        },
        "d3-timer": {
            "version": "2.0.0",
            "resolved": "https://registry.npmjs.org/d3-timer/-/d3-timer-2.0.0.tgz",
            "integrity": "sha512-TO4VLh0/420Y/9dO3+f9abDEFYeCUr2WZRlxJvbp4HPTQcSylXNiL6yZa9FIUvV1yRiFufl1bszTCLDqv9PWNA=="
        },
        "d3-transition": {
            "version": "2.0.0",
            "resolved": "https://registry.npmjs.org/d3-transition/-/d3-transition-2.0.0.tgz",
            "integrity": "sha512-42ltAGgJesfQE3u9LuuBHNbGrI/AJjNL2OAUdclE70UE6Vy239GCBEYD38uBPoLeNsOhFStGpPI0BAOV+HMxog==",
            "requires": {
                "d3-color": "1 - 2",
                "d3-dispatch": "1 - 2",
                "d3-ease": "1 - 2",
                "d3-interpolate": "1 - 2",
                "d3-timer": "1 - 2"
            }
        },
        "d3-zoom": {
            "version": "2.0.0",
            "resolved": "https://registry.npmjs.org/d3-zoom/-/d3-zoom-2.0.0.tgz",
            "integrity": "sha512-fFg7aoaEm9/jf+qfstak0IYpnesZLiMX6GZvXtUSdv8RH2o4E2qeelgdU09eKS6wGuiGMfcnMI0nTIqWzRHGpw==",
            "requires": {
                "d3-dispatch": "1 - 2",
                "d3-drag": "2",
                "d3-interpolate": "1 - 2",
                "d3-selection": "2",
                "d3-transition": "2"
            }
        },
        "datatables.net": {
            "version": "2.1.1",
            "resolved": "https://registry.npmjs.org/datatables.net/-/datatables.net-2.1.1.tgz",
            "integrity": "sha1-bxED7wgFRkKuz4Xn4l79WSgi7ng=",
            "requires": {
                "jquery": ">=1.7"
            }
        },
        "datatables.net-bs": {
            "version": "1.10.23",
            "resolved": "https://registry.npmjs.org/datatables.net-bs/-/datatables.net-bs-1.10.23.tgz",
            "integrity": "sha512-O/kJxT93i9hIq8trdbHuIcHhrTodkVPfPqvxOqKK8lJ03XUUrT6V8ZoGyxROFjQGcgbye5CoRLVf7MY+5biOIQ==",
            "requires": {
                "datatables.net": "1.10.23",
                "jquery": ">=1.7"
            },
            "dependencies": {
                "datatables.net": {
                    "version": "1.10.23",
                    "resolved": "https://registry.npmjs.org/datatables.net/-/datatables.net-1.10.23.tgz",
                    "integrity": "sha512-we3tlNkzpxvgkKKlTxTMXPCt35untVXNg8zUYWpQyC1U5vJc+lT0+Zdc1ztK8d3lh5CfdnuFde2p8n3XwaGl3Q==",
                    "requires": {
                        "jquery": ">=1.7"
                    }
                }
            }
        },
        "delaunator": {
            "version": "4.0.1",
            "resolved": "https://registry.npmjs.org/delaunator/-/delaunator-4.0.1.tgz",
            "integrity": "sha512-WNPWi1IRKZfCt/qIDMfERkDp93+iZEmOxN2yy4Jg+Xhv8SLk2UTqqbe1sfiipn0and9QrE914/ihdx82Y/Giag=="
        },
        "dropzone": {
            "version": "5.7.6",
            "resolved": "https://registry.npmjs.org/dropzone/-/dropzone-5.7.6.tgz",
            "integrity": "sha512-z38j+PZsH38rFGOK2rQ877t6c0cPos053fPp3RKaDvCDjAw4KflQQGn7BhCWeFq9Zl1hinB8khPrQdJ6cIBryQ=="
        },
        "esprima": {
            "version": "3.0.0",
            "resolved": "https://registry.npmjs.org/esprima/-/esprima-3.0.0.tgz",
            "integrity": "sha1-U88kes2ncxPlUcOqLnM0LT+099k="
        },
        "font-awesome": {
            "version": "4.7.0",
            "resolved": "https://registry.npmjs.org/font-awesome/-/font-awesome-4.7.0.tgz",
            "integrity": "sha1-j6jPBBGhoxr9B7BtKQK7n8gVoTM="
        },
        "humanize": {
            "version": "0.0.9",
            "resolved": "https://registry.npmjs.org/humanize/-/humanize-0.0.9.tgz",
            "integrity": "sha1-GZT/rs3+nEQe0r2sdFK3u0yeQaQ="
        },
        "iconv-lite": {
            "version": "0.4.24",
            "resolved": "https://registry.npmjs.org/iconv-lite/-/iconv-lite-0.4.24.tgz",
            "integrity": "sha512-v3MXnZAcvnywkTUEZomIActle7RXXeedOR31wwl7VlyoXO4Qi9arvSenNQWne1TcRwhCL1HwLI21bEqdpj8/rA==",
            "requires": {
                "safer-buffer": ">= 2.1.2 < 3"
            }
        },
        "immediate": {
            "version": "3.0.6",
            "resolved": "https://registry.npmjs.org/immediate/-/immediate-3.0.6.tgz",
            "integrity": "sha1-nbHb0Pr43m++D13V5Wu2BigN5ps="
        },
        "internmap": {
            "version": "1.0.0",
            "resolved": "https://registry.npmjs.org/internmap/-/internmap-1.0.0.tgz",
            "integrity": "sha512-SdoDWwNOTE2n4JWUsLn4KXZGuZPjPF9yyOGc8bnfWnBQh7BD/l80rzSznKc/r4Y0aQ7z3RTk9X+tV4tHBpu+dA=="
        },
        "jquery": {
            "version": "3.5.1",
            "resolved": "https://registry.npmjs.org/jquery/-/jquery-3.5.1.tgz",
            "integrity": "sha512-XwIBPqcMn57FxfT+Go5pzySnm4KWkT1Tv7gjrpT1srtf8Weynl6R273VJ5GjkRb51IzMp5nbaPjJXMWeju2MKg=="
        },
        "jquery-form-validator": {
            "version": "2.3.79",
            "resolved": "https://registry.npmjs.org/jquery-form-validator/-/jquery-form-validator-2.3.79.tgz",
            "integrity": "sha512-/jG1qy7FEcGFCGlnEst5pOn1SZi3awDxRrlGDHdBEnY8Ga5zXA00OnAKIZV8fUCpUTT003BPbFBDR7hlgOsN8w==",
            "requires": {
                "jquery": "2.2.4"
            },
            "dependencies": {
                "jquery": {
                    "version": "2.2.4",
                    "resolved": "https://registry.npmjs.org/jquery/-/jquery-2.2.4.tgz",
                    "integrity": "sha1-LInWiJterFIqfuoywUUhVZxsvwI="
                }
            }
        },
        "jquery_lazyload": {
            "version": "1.9.3",
            "resolved": "https://registry.npmjs.org/jquery_lazyload/-/jquery_lazyload-1.9.3.tgz",
            "integrity": "sha1-jiasPAOgi/6xiCMltmJKJxiReS0="
        },
        "leaflet": {
            "version": "1.7.1",
            "resolved": "https://registry.npmjs.org/leaflet/-/leaflet-1.7.1.tgz",
            "integrity": "sha512-/xwPEBidtg69Q3HlqPdU3DnrXQOvQU/CCHA1tcDQVzOwm91YMYaILjNp7L4Eaw5Z4sOYdbBz6koWyibppd8Zqw=="
        },
        "leaflet-ajax": {
            "version": "2.1.0",
            "resolved": "https://registry.npmjs.org/leaflet-ajax/-/leaflet-ajax-2.1.0.tgz",
            "integrity": "sha1-JpND1ZvTjcnfpPOnM+eH/zL+I28=",
            "requires": {
                "lie": "^3.0.1"
            }
        },
        "leaflet-geocoder-mapzen": {
            "version": "1.9.4",
            "resolved": "https://registry.npmjs.org/leaflet-geocoder-mapzen/-/leaflet-geocoder-mapzen-1.9.4.tgz",
            "integrity": "sha512-MGYfKODX9LWFM4Sz7TMvPJJG9pfCmvkmdT+NRLixeIPdteU71S2HvJFhhXl5urrH9y4t4/aIp3gYX8xUnf1rPg==",
            "requires": {
                "@mapbox/corslite": "0.0.7",
                "console-polyfill": "0.2.3"
            }
        },
        "leaflet-geosearch": {
            "version": "3.2.1",
            "resolved": "https://registry.npmjs.org/leaflet-geosearch/-/leaflet-geosearch-3.2.1.tgz",
            "integrity": "sha512-GAVuuDy3+Kva+JmuxGYLIaRTQgSVvWSh6IADtEJS0SLOuclxBd965qrrjtI1U4TYBLYr4p5IKOTQHwJQcrATtQ==",
            "requires": {
                "leaflet": "^1.6.0"
            }
        },
        "leaflet-image": {
            "version": "0.4.0",
            "resolved": "https://registry.npmjs.org/leaflet-image/-/leaflet-image-0.4.0.tgz",
            "integrity": "sha1-6E8i/2KI8JubDi9RpIUKnweWjME=",
            "requires": {
                "d3-queue": "2.0.3"
            },
            "dependencies": {
                "d3-queue": {
                    "version": "2.0.3",
                    "resolved": "https://registry.npmjs.org/d3-queue/-/d3-queue-2.0.3.tgz",
                    "integrity": "sha1-B/vaOsrlNYqcUpmq+ICt8JU+0sI="
                }
            }
        },
        "leaflet-label": {
            "version": "0.2.1-0",
            "resolved": "https://registry.npmjs.org/leaflet-label/-/leaflet-label-0.2.1-0.tgz",
            "integrity": "sha1-uRpnik14rExHyyMNOSYlT9Kn5hI="
        },
        "leaflet.markercluster": {
            "version": "1.4.1",
            "resolved": "https://registry.npmjs.org/leaflet.markercluster/-/leaflet.markercluster-1.4.1.tgz",
            "integrity": "sha512-ZSEpE/EFApR0bJ1w/dUGwTSUvWlpalKqIzkaYdYB7jaftQA/Y2Jav+eT4CMtEYFj+ZK4mswP13Q2acnPBnhGOw=="
        },
        "lie": {
            "version": "3.3.0",
            "resolved": "https://registry.npmjs.org/lie/-/lie-3.3.0.tgz",
            "integrity": "sha512-UaiMJzeWRlEujzAuw5LokY1L5ecNQYZKfmyZ9L7wDHb/p5etKaxXhohBcrw0EYby+G/NA52vRSN4N39dxHAIwQ==",
            "requires": {
                "immediate": "~3.0.5"
            }
        },
        "lodash": {
            "version": "4.17.20",
            "resolved": "https://registry.npmjs.org/lodash/-/lodash-4.17.20.tgz",
            "integrity": "sha512-PlhdFcillOINfeV7Ni6oF1TAEayyZBoZ8bcshTHqOYJYlrqzRK5hagpagky5o4HfCzzd1TRkXPMFq6cKk9rGmA=="
        },
        "microplugin": {
            "version": "0.0.3",
            "resolved": "https://registry.npmjs.org/microplugin/-/microplugin-0.0.3.tgz",
            "integrity": "sha1-H8Lhu3yeGegr2Eu6kTe75xJQ2M0="
        },
        "minimist": {
            "version": "0.0.10",
            "resolved": "https://registry.npmjs.org/minimist/-/minimist-0.0.10.tgz",
            "integrity": "sha1-3j+YVD2/lggr5IrRoMfNqDYwHc8="
        },
        "optimist": {
            "version": "0.6.1",
            "resolved": "https://registry.npmjs.org/optimist/-/optimist-0.6.1.tgz",
            "integrity": "sha1-2j6nRob6IaGaERwybpDrFaAZZoY=",
            "requires": {
                "minimist": "~0.0.1",
                "wordwrap": "~0.0.2"
            }
        },
        "popper.js": {
            "version": "1.16.1",
            "resolved": "https://registry.npmjs.org/popper.js/-/popper.js-1.16.1.tgz",
            "integrity": "sha512-Wb4p1J4zyFTbM+u6WuO4XstYx4Ky9Cewe4DWrel7B0w6VVICvPwdOpotjzcf6eD8TsckVnIMNONQyPIUFOUbCQ=="
        },
        "redeyed": {
            "version": "1.0.1",
            "resolved": "https://registry.npmjs.org/redeyed/-/redeyed-1.0.1.tgz",
            "integrity": "sha1-6WwZO0DAgWsArshCaY5hGF5VSYo=",
            "requires": {
                "esprima": "~3.0.0"
            }
        },
        "rw": {
            "version": "1.3.3",
            "resolved": "https://registry.npmjs.org/rw/-/rw-1.3.3.tgz",
            "integrity": "sha1-P4Yt+pGrdmsUiF700BEkv9oHT7Q="
        },
        "safer-buffer": {
            "version": "2.1.2",
            "resolved": "https://registry.npmjs.org/safer-buffer/-/safer-buffer-2.1.2.tgz",
            "integrity": "sha512-YZo3K82SD7Riyi0E1EQPojLz7kpepnSQI9IyPbHHg1XXXevb5dJI7tpyN2ADxGcQbHG7vcyRHk0cbwqcQriUtg=="
        },
        "select2": {
            "version": "4.0.13",
            "resolved": "https://registry.npmjs.org/select2/-/select2-4.0.13.tgz",
            "integrity": "sha512-1JeB87s6oN/TDxQQYCvS5EFoQyvV6eYMZZ0AeA4tdFDYWN3BAGZ8npr17UBFddU0lgAt3H0yjX3X6/ekOj1yjw=="
        },
        "selectize": {
            "version": "0.12.6",
            "resolved": "https://registry.npmjs.org/selectize/-/selectize-0.12.6.tgz",
            "integrity": "sha512-bWO5A7G+I8+QXyjLfQUgh31VI4WKYagUZQxAXlDyUmDDNrFxrASV0W9hxCOl0XJ/XQ1dZEu3G9HjXV4Wj0yb6w==",
            "requires": {
                "microplugin": "0.0.3",
                "sifter": "^0.5.1"
            }
        },
        "sifter": {
            "version": "0.5.4",
            "resolved": "https://registry.npmjs.org/sifter/-/sifter-0.5.4.tgz",
            "integrity": "sha512-t2yxTi/MM/ESup7XH5oMu8PUcttlekt269RqxARgnvS+7D/oP6RyA1x3M/5w8dG9OgkOyQ8hNRWelQ8Rj4TAQQ==",
            "requires": {
                "async": "^2.6.0",
                "cardinal": "^1.0.0",
                "csv-parse": "^4.6.5",
                "humanize": "^0.0.9",
                "optimist": "^0.6.1"
            }
        },
        "spin.js": {
            "version": "4.1.0",
            "resolved": "https://registry.npmjs.org/spin.js/-/spin.js-4.1.0.tgz",
            "integrity": "sha512-WI8O1OdJlKjialIhB9Z5RfFFM4pI7Hohik76bB3N4Ep3N/vTDPZiRU8QeefyLbmpI5n2bFQXgticl2g+/KiKYA=="
        },
        "tinymce": {
            "version": "5.7.0",
            "resolved": "https://registry.npmjs.org/tinymce/-/tinymce-5.7.0.tgz",
            "integrity": "sha512-WikgMpJbqYPaucV3lfstCj+Y4NquZlK61gyuJ2eqDUBlSU+4fFh6rpwnelVTxuvtEyJsAVOl8HZmbzBfDJiLsQ=="
        },
        "wordwrap": {
            "version": "0.0.3",
            "resolved": "https://registry.npmjs.org/wordwrap/-/wordwrap-0.0.3.tgz",
            "integrity": "sha1-o9XabNXAvAAI03I0u68b7WMFkQc="
        }
    }
}
